
Microsoft Visual Studio Solution File, Format Version 12.00
# Visual Studio Version 17
VisualStudioVersion = 17.0.31903.59
MinimumVisualStudioVersion = 10.0.40219.1
Project("{FAE04EC0-301F-11D3-BF4B-00C04F79EFBC}") = "DataAccess", "DataAccess\DataAccess.csproj", "{24BF6D73-1DE6-49B3-8234-9E31ED1086A1}"
EndProject
Project("{FAE04EC0-301F-11D3-BF4B-00C04F79EFBC}") = "Business", "Business\Business.csproj", "{CD5F9241-CE70-4439-883A-CE49E5709D6C}"
EndProject
Project("{FAE04EC0-301F-11D3-BF4B-00C04F79EFBC}") = "Web", "Web\Web.csproj", "{673567D9-9AEE-4417-AD24-8D8647E93CBC}"
EndProject
Global
	GlobalSection(SolutionConfigurationPlatforms) = preSolution
		Debug|Any CPU = Debug|Any CPU
		Release|Any CPU = Release|Any CPU
	EndGlobalSection
	GlobalSection(SolutionProperties) = preSolution
		HideSolutionNode = FALSE
	EndGlobalSection
	GlobalSection(ProjectConfigurationPlatforms) = postSolution
		{24BF6D73-1DE6-49B3-8234-9E31ED1086A1}.Debug|Any CPU.ActiveCfg = Debug|Any CPU
		{24BF6D73-1DE6-49B3-8234-9E31ED1086A1}.Debug|Any CPU.Build.0 = Debug|Any CPU
		{24BF6D73-1DE6-49B3-8234-9E31ED1086A1}.Release|Any CPU.ActiveCfg = Release|Any CPU
		{24BF6D73-1DE6-49B3-8234-9E31ED1086A1}.Release|Any CPU.Build.0 = Release|Any CPU
		{CD5F9241-CE70-4439-883A-CE49E5709D6C}.Debug|Any CPU.ActiveCfg = Debug|Any CPU
		{CD5F9241-CE70-4439-883A-CE49E5709D6C}.Debug|Any CPU.Build.0 = Debug|Any CPU
		{CD5F9241-CE70-4439-883A-CE49E5709D6C}.Release|Any CPU.ActiveCfg = Release|Any CPU
		{CD5F9241-CE70-4439-883A-CE49E5709D6C}.Release|Any CPU.Build.0 = Release|Any CPU
		{673567D9-9AEE-4417-AD24-8D8647E93CBC}.Debug|Any CPU.ActiveCfg = Debug|Any CPU
		{673567D9-9AEE-4417-AD24-8D8647E93CBC}.Debug|Any CPU.Build.0 = Debug|Any CPU
		{673567D9-9AEE-4417-AD24-8D8647E93CBC}.Release|Any CPU.ActiveCfg = Release|Any CPU
		{673567D9-9AEE-4417-AD24-8D8647E93CBC}.Release|Any CPU.Build.0 = Release|Any CPU
	EndGlobalSection
EndGlobal
